
Microsoft Visual Studio Solution File, Format Version 12.00
# Visual Studio Version 17
VisualStudioVersion = 17.14.36623.8 d17.14
MinimumVisualStudioVersion = 10.0.40219.1
Project("{FAE04EC0-301F-11D3-BF4B-00C04F79EFBC}") = "lumentra", "lumentra.csproj", "{F70F96DA-1D79-4C3C-B816-B6F51946206B}"
EndProject
Global
	GlobalSection(SolutionConfigurationPlatforms) = preSolution
		Debug|Any CPU = Debug|Any CPU
		Release|Any CPU = Release|Any CPU
	EndGlobalSection
	GlobalSection(ProjectConfigurationPlatforms) = postSolution
		{F70F96DA-1D79-4C3C-B816-B6F51946206B}.Debug|Any CPU.ActiveCfg = Debug|Any CPU
		{F70F96DA-1D79-4C3C-B816-B6F51946206B}.Debug|Any CPU.Build.0 = Debug|Any CPU
		{F70F96DA-1D79-4C3C-B816-B6F51946206B}.Release|Any CPU.ActiveCfg = Release|Any CPU
		{F70F96DA-1D79-4C3C-B816-B6F51946206B}.Release|Any CPU.Build.0 = Release|Any CPU
	EndGlobalSection
	GlobalSection(SolutionProperties) = preSolution
		HideSolutionNode = FALSE
	EndGlobalSection
	GlobalSection(ExtensibilityGlobals) = postSolution
		SolutionGuid = {6EF6BF9E-8BCA-4DCC-BE80-0CA708D6ACA2}
	EndGlobalSection
EndGlobal
