
Microsoft Visual Studio Solution File, Format Version 12.00
# Visual Studio Version 17
VisualStudioVersion = 17.14.36623.8 d17.14
MinimumVisualStudioVersion = 10.0.40219.1
Project("{FAE04EC0-301F-11D3-BF4B-00C04F79EFBC}") = "LumentraAuth", "LumentraAuth.csproj", "{CCB7E326-4639-4D4E-B127-2A88D8A98620}"
EndProject
Project("{FAE04EC0-301F-11D3-BF4B-00C04F79EFBC}") = "WebApplication1", "..\..\..\WebApplication1\WebApplication1.csproj", "{52BA3D24-7FAB-169D-5CDA-3A6B116B5587}"
EndProject
Global
	GlobalSection(SolutionConfigurationPlatforms) = preSolution
		Debug|Any CPU = Debug|Any CPU
		Release|Any CPU = Release|Any CPU
	EndGlobalSection
	GlobalSection(ProjectConfigurationPlatforms) = postSolution
		{CCB7E326-4639-4D4E-B127-2A88D8A98620}.Debug|Any CPU.ActiveCfg = Debug|Any CPU
		{CCB7E326-4639-4D4E-B127-2A88D8A98620}.Debug|Any CPU.Build.0 = Debug|Any CPU
		{CCB7E326-4639-4D4E-B127-2A88D8A98620}.Release|Any CPU.ActiveCfg = Release|Any CPU
		{CCB7E326-4639-4D4E-B127-2A88D8A98620}.Release|Any CPU.Build.0 = Release|Any CPU
		{52BA3D24-7FAB-169D-5CDA-3A6B116B5587}.Debug|Any CPU.ActiveCfg = Debug|Any CPU
		{52BA3D24-7FAB-169D-5CDA-3A6B116B5587}.Debug|Any CPU.Build.0 = Debug|Any CPU
		{52BA3D24-7FAB-169D-5CDA-3A6B116B5587}.Release|Any CPU.ActiveCfg = Release|Any CPU
		{52BA3D24-7FAB-169D-5CDA-3A6B116B5587}.Release|Any CPU.Build.0 = Release|Any CPU
	EndGlobalSection
	GlobalSection(SolutionProperties) = preSolution
		HideSolutionNode = FALSE
	EndGlobalSection
	GlobalSection(ExtensibilityGlobals) = postSolution
		SolutionGuid = {8719B54A-9FB1-42F1-908D-834BA7DC0FE7}
	EndGlobalSection
EndGlobal
